
Microsoft Visual Studio Solution File, Format Version 12.00
# Visual Studio Version 17
VisualStudioVersion = 17.5.33502.453
MinimumVisualStudioVersion = 10.0.40219.1
Project("{FAE04EC0-301F-11D3-BF4B-00C04F79EFBC}") = "ClientsDB", "ClientsDB.csproj", "{A6CD7CAA-805B-495C-8AAF-5FDC4C833BF3}"
EndProject
Global
	GlobalSection(SolutionConfigurationPlatforms) = preSolution
		Debug|Any CPU = Debug|Any CPU
		Release|Any CPU = Release|Any CPU
	EndGlobalSection
	GlobalSection(ProjectConfigurationPlatforms) = postSolution
		{A6CD7CAA-805B-495C-8AAF-5FDC4C833BF3}.Debug|Any CPU.ActiveCfg = Debug|Any CPU
		{A6CD7CAA-805B-495C-8AAF-5FDC4C833BF3}.Debug|Any CPU.Build.0 = Debug|Any CPU
		{A6CD7CAA-805B-495C-8AAF-5FDC4C833BF3}.Release|Any CPU.ActiveCfg = Release|Any CPU
		{A6CD7CAA-805B-495C-8AAF-5FDC4C833BF3}.Release|Any CPU.Build.0 = Release|Any CPU
	EndGlobalSection
	GlobalSection(SolutionProperties) = preSolution
		HideSolutionNode = FALSE
	EndGlobalSection
	GlobalSection(ExtensibilityGlobals) = postSolution
		SolutionGuid = {0E6EA392-57CF-4A7B-B274-EA3F6ED83B8B}
	EndGlobalSection
EndGlobal
